
Microsoft Visual Studio Solution File, Format Version 11.00
# Visual Studio 2010
Project("{FAE04EC0-301F-11D3-BF4B-00C04F79EFBC}") = "Genetic Car", "Assembly-CSharp.csproj", "{ADFBC3A8-214E-4FBA-07C0-A5A1483DAEB2}"
EndProject
Global
	GlobalSection(SolutionConfigurationPlatforms) = preSolution
		Debug|Any CPU = Debug|Any CPU
		Release|Any CPU = Release|Any CPU
	EndGlobalSection
	GlobalSection(ProjectConfigurationPlatforms) = postSolution
		{ADFBC3A8-214E-4FBA-07C0-A5A1483DAEB2}.Debug|Any CPU.ActiveCfg = Debug|Any CPU
		{ADFBC3A8-214E-4FBA-07C0-A5A1483DAEB2}.Debug|Any CPU.Build.0 = Debug|Any CPU
		{ADFBC3A8-214E-4FBA-07C0-A5A1483DAEB2}.Release|Any CPU.ActiveCfg = Release|Any CPU
		{ADFBC3A8-214E-4FBA-07C0-A5A1483DAEB2}.Release|Any CPU.Build.0 = Release|Any CPU
	EndGlobalSection
	GlobalSection(SolutionProperties) = preSolution
		HideSolutionNode = FALSE
	EndGlobalSection
	GlobalSection(MonoDevelopProperties) = preSolution
		StartupItem = Assembly-CSharp.csproj
	EndGlobalSection
EndGlobal
